{
    "_readme": [
        "This file locks the dependencies of your project to a known state",
        "Read more about it at http://getcomposer.org/doc/01-basic-usage.md#composer-lock-the-lock-file",
        "This file is @generated automatically"
    ],
    "hash": "43731cd776cd916453b763bb99c604af",
    "packages": [
        {
            "name": "badcow/lorem-ipsum",
            "version": "dev-master",
            "source": {
                "type": "git",
                "url": "https://github.com/samuelwilliams/LoremIpsum.git",
                "reference": "568f94bada0f7c95f69fabd6e7007148f90c31b0"
            },
            "dist": {
                "type": "zip",
                "url": "https://api.github.com/repos/samuelwilliams/LoremIpsum/zipball/568f94bada0f7c95f69fabd6e7007148f90c31b0",
                "reference": "568f94bada0f7c95f69fabd6e7007148f90c31b0",
                "shasum": ""
            },
            "type": "library",
            "autoload": {
                "psr-0": {
                    "Badcow": "lib/"
                }
            },
            "notification-url": "https://packagist.org/downloads/",
            "license": [
                "MIT"
            ],
            "authors": [
                {
                    "name": "Sam Williams",
                    "email": "sam@badcow.co"
                },
                {
                    "name": "Mathew Tinsley",
                    "email": "tinsley@tinsology.net"
                }
            ],
            "description": "Lorem ipsum generator.",
            "time": "2013-03-05 07:52:52"
        }
    ],
    "packages-dev": [

    ],
    "aliases": [

    ],
    "minimum-stability": "dev",
    "stability-flags": {
        "badcow/lorem-ipsum": 20
    },
    "prefer-stable": false,
    "platform": [

    ],
    "platform-dev": [

    ]
}
